// !$*UTF8*$!
{
	archiveVersion = 1;
	classes = {
	};
	objectVersion = 46;
	objects = {

/* Begin PBXBuildFile section */
		CA94F6CA1E4ABA5400689BA6 /* AppDelegate.swift in Sources */ = {isa = PBXBuildFile; fileRef = CA94F6C91E4ABA5400689BA6 /* AppDelegate.swift */; };
		CA94F6CC1E4ABA5400689BA6 /* HomeViewController.swift in Sources */ = {isa = PBXBuildFile; fileRef = CA94F6CB1E4ABA5400689BA6 /* HomeViewController.swift */; };
		CA94F6CF1E4ABA5400689BA6 /* Main.storyboard in Resources */ = {isa = PBXBuildFile; fileRef = CA94F6CD1E4ABA5400689BA6 /* Main.storyboard */; };
		CA94F6D11E4ABA5400689BA6 /* Assets.xcassets in Resources */ = {isa = PBXBuildFile; fileRef = CA94F6D01E4ABA5400689BA6 /* Assets.xcassets */; };
		CA94F6D41E4ABA5400689BA6 /* LaunchScreen.storyboard in Resources */ = {isa = PBXBuildFile; fileRef = CA94F6D21E4ABA5400689BA6 /* LaunchScreen.storyboard */; };
		CA94F6DC1E4AC06000689BA6 /* ProfileViewModel.swift in Sources */ = {isa = PBXBuildFile; fileRef = CA94F6DB1E4AC06000689BA6 /* ProfileViewModel.swift */; };
		CA94F6DE1E4AD3D600689BA6 /* User.swift in Sources */ = {isa = PBXBuildFile; fileRef = CA94F6DD1E4AD3D600689BA6 /* User.swift */; };
		CA94F6E31E4AD93000689BA6 /* ProfileViewController.swift in Sources */ = {isa = PBXBuildFile; fileRef = CA94F6E21E4AD93000689BA6 /* ProfileViewController.swift */; };
/* End PBXBuildFile section */

/* Begin PBXFileReference section */
		CA94F6C61E4ABA5400689BA6 /* IntroToTestingApp.app */ = {isa = PBXFileReference; explicitFileType = wrapper.application; includeInIndex = 0; path = IntroToTestingApp.app; sourceTree = BUILT_PRODUCTS_DIR; };
		CA94F6C91E4ABA5400689BA6 /* AppDelegate.swift */ = {isa = PBXFileReference; lastKnownFileType = sourcecode.swift; path = AppDelegate.swift; sourceTree = "<group>"; };
		CA94F6CB1E4ABA5400689BA6 /* HomeViewController.swift */ = {isa = PBXFileReference; lastKnownFileType = sourcecode.swift; path = HomeViewController.swift; sourceTree = "<group>"; };
		CA94F6CE1E4ABA5400689BA6 /* Base */ = {isa = PBXFileReference; lastKnownFileType = file.storyboard; name = Base; path = Base.lproj/Main.storyboard; sourceTree = "<group>"; };
		CA94F6D01E4ABA5400689BA6 /* Assets.xcassets */ = {isa = PBXFileReference; lastKnownFileType = folder.assetcatalog; path = Assets.xcassets; sourceTree = "<group>"; };
		CA94F6D31E4ABA5400689BA6 /* Base */ = {isa = PBXFileReference; lastKnownFileType = file.storyboard; name = Base; path = Base.lproj/LaunchScreen.storyboard; sourceTree = "<group>"; };
		CA94F6D51E4ABA5400689BA6 /* Info.plist */ = {isa = PBXFileReference; lastKnownFileType = text.plist.xml; path = Info.plist; sourceTree = "<group>"; };
		CA94F6DB1E4AC06000689BA6 /* ProfileViewModel.swift */ = {isa = PBXFileReference; fileEncoding = 4; lastKnownFileType = sourcecode.swift; path = ProfileViewModel.swift; sourceTree = "<group>"; };
		CA94F6DD1E4AD3D600689BA6 /* User.swift */ = {isa = PBXFileReference; fileEncoding = 4; lastKnownFileType = sourcecode.swift; path = User.swift; sourceTree = "<group>"; };
		CA94F6E21E4AD93000689BA6 /* ProfileViewController.swift */ = {isa = PBXFileReference; fileEncoding = 4; lastKnownFileType = sourcecode.swift; path = ProfileViewController.swift; sourceTree = "<group>"; };
/* End PBXFileReference section */

/* Begin PBXFrameworksBuildPhase section */
		CA94F6C31E4ABA5400689BA6 /* Frameworks */ = {
			isa = PBXFrameworksBuildPhase;
			buildActionMask = 2147483647;
			files = (
			);
			runOnlyForDeploymentPostprocessing = 0;
		};
/* End PBXFrameworksBuildPhase section */

/* Begin PBXGroup section */
		CA94F6BD1E4ABA5400689BA6 = {
			isa = PBXGroup;
			children = (
				CA94F6C81E4ABA5400689BA6 /* IntroToTestingApp */,
				CA94F6C71E4ABA5400689BA6 /* Products */,
			);
			sourceTree = "<group>";
		};
		CA94F6C71E4ABA5400689BA6 /* Products */ = {
			isa = PBXGroup;
			children = (
				CA94F6C61E4ABA5400689BA6 /* IntroToTestingApp.app */,
			);
			name = Products;
			sourceTree = "<group>";
		};
		CA94F6C81E4ABA5400689BA6 /* IntroToTestingApp */ = {
			isa = PBXGroup;
			children = (
				CA94F6C91E4ABA5400689BA6 /* AppDelegate.swift */,
				CA94F6DF1E4AD8C200689BA6 /* Models */,
				CA94F6E11E4AD8CF00689BA6 /* View Controllers */,
				CA94F6E01E4AD8C900689BA6 /* View Models */,
				CA94F6CD1E4ABA5400689BA6 /* Main.storyboard */,
				CA94F6D01E4ABA5400689BA6 /* Assets.xcassets */,
				CA94F6D21E4ABA5400689BA6 /* LaunchScreen.storyboard */,
				CA94F6D51E4ABA5400689BA6 /* Info.plist */,
			);
			path = IntroToTestingApp;
			sourceTree = "<group>";
		};
		CA94F6DF1E4AD8C200689BA6 /* Models */ = {
			isa = PBXGroup;
			children = (
				CA94F6DD1E4AD3D600689BA6 /* User.swift */,
			);
			name = Models;
			sourceTree = "<group>";
		};
		CA94F6E01E4AD8C900689BA6 /* View Models */ = {
			isa = PBXGroup;
			children = (
				CA94F6DB1E4AC06000689BA6 /* ProfileViewModel.swift */,
			);
			name = "View Models";
			sourceTree = "<group>";
		};
		CA94F6E11E4AD8CF00689BA6 /* View Controllers */ = {
			isa = PBXGroup;
			children = (
				CA94F6CB1E4ABA5400689BA6 /* HomeViewController.swift */,
				CA94F6E21E4AD93000689BA6 /* ProfileViewController.swift */,
			);
			name = "View Controllers";
			sourceTree = "<group>";
		};
/* End PBXGroup section */

/* Begin PBXNativeTarget section */
		CA94F6C51E4ABA5400689BA6 /* IntroToTestingApp */ = {
			isa = PBXNativeTarget;
			buildConfigurationList = CA94F6D81E4ABA5400689BA6 /* Build configuration list for PBXNativeTarget "IntroToTestingApp" */;
			buildPhases = (
				CA94F6C21E4ABA5400689BA6 /* Sources */,
				CA94F6C31E4ABA5400689BA6 /* Frameworks */,
				CA94F6C41E4ABA5400689BA6 /* Resources */,
			);
			buildRules = (
			);
			dependencies = (
			);
			name = IntroToTestingApp;
			productName = IntroToTestingApp;
			productReference = CA94F6C61E4ABA5400689BA6 /* IntroToTestingApp.app */;
			productType = "com.apple.product-type.application";
		};
/* End PBXNativeTarget section */

/* Begin PBXProject section */
		CA94F6BE1E4ABA5400689BA6 /* Project object */ = {
			isa = PBXProject;
			attributes = {
				LastSwiftUpdateCheck = 0820;
				LastUpgradeCheck = 0820;
				ORGANIZATIONNAME = ocwang;
				TargetAttributes = {
					CA94F6C51E4ABA5400689BA6 = {
						CreatedOnToolsVersion = 8.2.1;
						DevelopmentTeam = QXSA84SJDA;
						ProvisioningStyle = Automatic;
					};
				};
			};
			buildConfigurationList = CA94F6C11E4ABA5400689BA6 /* Build configuration list for PBXProject "IntroToTestingApp" */;
			compatibilityVersion = "Xcode 3.2";
			developmentRegion = English;
			hasScannedForEncodings = 0;
			knownRegions = (
				en,
				Base,
			);
			mainGroup = CA94F6BD1E4ABA5400689BA6;
			productRefGroup = CA94F6C71E4ABA5400689BA6 /* Products */;
			projectDirPath = "";
			projectRoot = "";
			targets = (
				CA94F6C51E4ABA5400689BA6 /* IntroToTestingApp */,
			);
		};
/* End PBXProject section */

/* Begin PBXResourcesBuildPhase section */
		CA94F6C41E4ABA5400689BA6 /* Resources */ = {
			isa = PBXResourcesBuildPhase;
			buildActionMask = 2147483647;
			files = (
				CA94F6D41E4ABA5400689BA6 /* LaunchScreen.storyboard in Resources */,
				CA94F6D11E4ABA5400689BA6 /* Assets.xcassets in Resources */,
				CA94F6CF1E4ABA5400689BA6 /* Main.storyboard in Resources */,
			);
			runOnlyForDeploymentPostprocessing = 0;
		};
/* End PBXResourcesBuildPhase section */

/* Begin PBXSourcesBuildPhase section */
		CA94F6C21E4ABA5400689BA6 /* Sources */ = {
			isa = PBXSourcesBuildPhase;
			buildActionMask = 2147483647;
			files = (
				CA94F6DE1E4AD3D600689BA6 /* User.swift in Sources */,
				CA94F6DC1E4AC06000689BA6 /* ProfileViewModel.swift in Sources */,
				CA94F6E31E4AD93000689BA6 /* ProfileViewController.swift in Sources */,
				CA94F6CC1E4ABA5400689BA6 /* HomeViewController.swift in Sources */,
				CA94F6CA1E4ABA5400689BA6 /* AppDelegate.swift in Sources */,
			);
			runOnlyForDeploymentPostprocessing = 0;
		};
/* End PBXSourcesBuildPhase section */

/* Begin PBXVariantGroup section */
		CA94F6CD1E4ABA5400689BA6 /* Main.storyboard */ = {
			isa = PBXVariantGroup;
			children = (
				CA94F6CE1E4ABA5400689BA6 /* Base */,
			);
			name = Main.storyboard;
			sourceTree = "<group>";
		};
		CA94F6D21E4ABA5400689BA6 /* LaunchScreen.storyboard */ = {
			isa = PBXVariantGroup;
			children = (
				CA94F6D31E4ABA5400689BA6 /* Base */,
			);
			name = LaunchScreen.storyboard;
			sourceTree = "<group>";
		};
/* End PBXVariantGroup section */

/* Begin XCBuildConfiguration section */
		CA94F6D61E4ABA5400689BA6 /* Debug */ = {
			isa = XCBuildConfiguration;
			buildSettings = {
				ALWAYS_SEARCH_USER_PATHS = NO;
				CLANG_ANALYZER_NONNULL = YES;
				CLANG_CXX_LANGUAGE_STANDARD = "gnu++0x";
				CLANG_CXX_LIBRARY = "libc++";
				CLANG_ENABLE_MODULES = YES;
				CLANG_ENABLE_OBJC_ARC = YES;
				CLANG_WARN_BOOL_CONVERSION = YES;
				CLANG_WARN_CONSTANT_CONVERSION = YES;
				CLANG_WARN_DIRECT_OBJC_ISA_USAGE = YES_ERROR;
				CLANG_WARN_DOCUMENTATION_COMMENTS = YES;
				CLANG_WARN_EMPTY_BODY = YES;
				CLANG_WARN_ENUM_CONVERSION = YES;
				CLANG_WARN_INFINITE_RECURSION = YES;
				CLANG_WARN_INT_CONVERSION = YES;
				CLANG_WARN_OBJC_ROOT_CLASS = YES_ERROR;
				CLANG_WARN_SUSPICIOUS_MOVE = YES;
				CLANG_WARN_UNREACHABLE_CODE = YES;
				CLANG_WARN__DUPLICATE_METHOD_MATCH = YES;
				"CODE_SIGN_IDENTITY[sdk=iphoneos*]" = "iPhone Developer";
				COPY_PHASE_STRIP = NO;
				DEBUG_INFORMATION_FORMAT = dwarf;
				ENABLE_STRICT_OBJC_MSGSEND = YES;
				ENABLE_TESTABILITY = YES;
				GCC_C_LANGUAGE_STANDARD = gnu99;
				GCC_DYNAMIC_NO_PIC = NO;
				GCC_NO_COMMON_BLOCKS = YES;
				GCC_OPTIMIZATION_LEVEL = 0;
				GCC_PREPROCESSOR_DEFINITIONS = (
					"DEBUG=1",
					"$(inherited)",
				);
				GCC_WARN_64_TO_32_BIT_CONVERSION = YES;
				GCC_WARN_ABOUT_RETURN_TYPE = YES_ERROR;
				GCC_WARN_UNDECLARED_SELECTOR = YES;
				GCC_WARN_UNINITIALIZED_AUTOS = YES_AGGRESSIVE;
				GCC_WARN_UNUSED_FUNCTION = YES;
				GCC_WARN_UNUSED_VARIABLE = YES;
				IPHONEOS_DEPLOYMENT_TARGET = 10.2;
				MTL_ENABLE_DEBUG_INFO = YES;
				ONLY_ACTIVE_ARCH = YES;
				SDKROOT = iphoneos;
				SWIFT_ACTIVE_COMPILATION_CONDITIONS = DEBUG;
				SWIFT_OPTIMIZATION_LEVEL = "-Onone";
				TARGETED_DEVICE_FAMILY = "1,2";
			};
			name = Debug;
		};
		CA94F6D71E4ABA5400689BA6 /* Release */ = {
			isa = XCBuildConfiguration;
			buildSettings = {
				ALWAYS_SEARCH_USER_PATHS = NO;
				CLANG_ANALYZER_NONNULL = YES;
				CLANG_CXX_LANGUAGE_STANDARD = "gnu++0x";
				CLANG_CXX_LIBRARY = "libc++";
				CLANG_ENABLE_MODULES = YES;
				CLANG_ENABLE_OBJC_ARC = YES;
				CLANG_WARN_BOOL_CONVERSION = YES;
				CLANG_WARN_CONSTANT_CONVERSION = YES;
				CLANG_WARN_DIRECT_OBJC_ISA_USAGE = YES_ERROR;
				CLANG_WARN_DOCUMENTATION_COMMENTS = YES;
				CLANG_WARN_EMPTY_BODY = YES;
				CLANG_WARN_ENUM_CONVERSION = YES;
				CLANG_WARN_INFINITE_RECURSION = YES;
				CLANG_WARN_INT_CONVERSION = YES;
				CLANG_WARN_OBJC_ROOT_CLASS = YES_ERROR;
				CLANG_WARN_SUSPICIOUS_MOVE = YES;
				CLANG_WARN_UNREACHABLE_CODE = YES;
				CLANG_WARN__DUPLICATE_METHOD_MATCH = YES;
				"CODE_SIGN_IDENTITY[sdk=iphoneos*]" = "iPhone Developer";
				COPY_PHASE_STRIP = NO;
				DEBUG_INFORMATION_FORMAT = "dwarf-with-dsym";
				ENABLE_NS_ASSERTIONS = NO;
				ENABLE_STRICT_OBJC_MSGSEND = YES;
				GCC_C_LANGUAGE_STANDARD = gnu99;
				GCC_NO_COMMON_BLOCKS = YES;
				GCC_WARN_64_TO_32_BIT_CONVERSION = YES;
				GCC_WARN_ABOUT_RETURN_TYPE = YES_ERROR;
				GCC_WARN_UNDECLARED_SELECTOR = YES;
				GCC_WARN_UNINITIALIZED_AUTOS = YES_AGGRESSIVE;
				GCC_WARN_UNUSED_FUNCTION = YES;
				GCC_WARN_UNUSED_VARIABLE = YES;
				IPHONEOS_DEPLOYMENT_TARGET = 10.2;
				MTL_ENABLE_DEBUG_INFO = NO;
				SDKROOT = iphoneos;
				SWIFT_OPTIMIZATION_LEVEL = "-Owholemodule";
				TARGETED_DEVICE_FAMILY = "1,2";
				VALIDATE_PRODUCT = YES;
			};
			name = Release;
		};
		CA94F6D91E4ABA5400689BA6 /* Debug */ = {
			isa = XCBuildConfiguration;
			buildSettings = {
				ASSETCATALOG_COMPILER_APPICON_NAME = AppIcon;
				DEVELOPMENT_TEAM = QXSA84SJDA;
				INFOPLIST_FILE = IntroToTestingApp/Info.plist;
				LD_RUNPATH_SEARCH_PATHS = "$(inherited) @executable_path/Frameworks";
				PRODUCT_BUNDLE_IDENTIFIER = com.ocwang.IntroToTestingApp;
				PRODUCT_NAME = "$(TARGET_NAME)";
				SWIFT_VERSION = 3.0;
			};
			name = Debug;
		};
		CA94F6DA1E4ABA5400689BA6 /* Release */ = {
			isa = XCBuildConfiguration;
			buildSettings = {
				ASSETCATALOG_COMPILER_APPICON_NAME = AppIcon;
				DEVELOPMENT_TEAM = QXSA84SJDA;
				INFOPLIST_FILE = IntroToTestingApp/Info.plist;
				LD_RUNPATH_SEARCH_PATHS = "$(inherited) @executable_path/Frameworks";
				PRODUCT_BUNDLE_IDENTIFIER = com.ocwang.IntroToTestingApp;
				PRODUCT_NAME = "$(TARGET_NAME)";
				SWIFT_VERSION = 3.0;
			};
			name = Release;
		};
/* End XCBuildConfiguration section */

/* Begin XCConfigurationList section */
		CA94F6C11E4ABA5400689BA6 /* Build configuration list for PBXProject "IntroToTestingApp" */ = {
			isa = XCConfigurationList;
			buildConfigurations = (
				CA94F6D61E4ABA5400689BA6 /* Debug */,
				CA94F6D71E4ABA5400689BA6 /* Release */,
			);
			defaultConfigurationIsVisible = 0;
			defaultConfigurationName = Release;
		};
		CA94F6D81E4ABA5400689BA6 /* Build configuration list for PBXNativeTarget "IntroToTestingApp" */ = {
			isa = XCConfigurationList;
			buildConfigurations = (
				CA94F6D91E4ABA5400689BA6 /* Debug */,
				CA94F6DA1E4ABA5400689BA6 /* Release */,
			);
			defaultConfigurationIsVisible = 0;
		};
/* End XCConfigurationList section */
	};
	rootObject = CA94F6BE1E4ABA5400689BA6 /* Project object */;
}
